// !$*UTF8*$!
{
	archiveVersion = 1;
	classes = {
	};
	objectVersion = 77;
	objects = {

/* Begin PBXBuildFile section */
		8F996E082F17E67F00B0946E /* FirebaseAnalytics in Frameworks */ = {isa = PBXBuildFile; productRef = 8F996E072F17E67F00B0946E /* FirebaseAnalytics */; };
		8F996E0A2F17E67F00B0946E /* FirebaseAuth in Frameworks */ = {isa = PBXBuildFile; productRef = 8F996E092F17E67F00B0946E /* FirebaseAuth */; };
		8F996E0C2F17E67F00B0946E /* FirebaseDatabase in Frameworks */ = {isa = PBXBuildFile; productRef = 8F996E0B2F17E67F00B0946E /* FirebaseDatabase */; };
		8F996E0E2F17E67F00B0946E /* FirebaseMessaging in Frameworks */ = {isa = PBXBuildFile; productRef = 8F996E0D2F17E67F00B0946E /* FirebaseMessaging */; };
		8F996E112F17E69000B0946E /* AppsFlyerLib in Frameworks */ = {isa = PBXBuildFile; productRef = 8F996E102F17E69000B0946E /* AppsFlyerLib */; };
		8F996E5A2F18020300B0946E /* ApplicationNotificationsServiceExtension.appex in Embed Foundation Extensions */ = {isa = PBXBuildFile; fileRef = 8F996E532F18020300B0946E /* ApplicationNotificationsServiceExtension.appex */; settings = {ATTRIBUTES = (RemoveHeadersOnCopy, ); }; };
		8F996E622F18021900B0946E /* FirebaseMessaging in Frameworks */ = {isa = PBXBuildFile; productRef = 8F996E612F18021900B0946E /* FirebaseMessaging */; };
/* End PBXBuildFile section */

/* Begin PBXContainerItemProxy section */
		8F996E582F18020300B0946E /* PBXContainerItemProxy */ = {
			isa = PBXContainerItemProxy;
			containerPortal = 8FC43A012F0BDF49005983DC /* Project object */;
			proxyType = 1;
			remoteGlobalIDString = 8F996E522F18020300B0946E;
			remoteInfo = ApplicationNotificationsServiceExtension;
		};
/* End PBXContainerItemProxy section */

/* Begin PBXCopyFilesBuildPhase section */
		8F996E5F2F18020300B0946E /* Embed Foundation Extensions */ = {
			isa = PBXCopyFilesBuildPhase;
			buildActionMask = 2147483647;
			dstPath = "";
			dstSubfolderSpec = 13;
			files = (
				8F996E5A2F18020300B0946E /* ApplicationNotificationsServiceExtension.appex in Embed Foundation Extensions */,
			);
			name = "Embed Foundation Extensions";
			runOnlyForDeploymentPostprocessing = 0;
		};
/* End PBXCopyFilesBuildPhase section */

/* Begin PBXFileReference section */
		8F996E532F18020300B0946E /* ApplicationNotificationsServiceExtension.appex */ = {isa = PBXFileReference; explicitFileType = "wrapper.app-extension"; includeInIndex = 0; path = ApplicationNotificationsServiceExtension.appex; sourceTree = BUILT_PRODUCTS_DIR; };
		8FC43A092F0BDF49005983DC /* FishSpeciesLog.app */ = {isa = PBXFileReference; explicitFileType = wrapper.application; includeInIndex = 0; path = FishSpeciesLog.app; sourceTree = BUILT_PRODUCTS_DIR; };
/* End PBXFileReference section */

/* Begin PBXFileSystemSynchronizedBuildFileExceptionSet section */
		8F996E4C2F17FAF800B0946E /* Exceptions for "FishSpeciesLog" folder in "FishSpeciesLog" target */ = {
			isa = PBXFileSystemSynchronizedBuildFileExceptionSet;
			membershipExceptions = (
				Info.plist,
			);
			target = 8FC43A082F0BDF49005983DC /* FishSpeciesLog */;
		};
		8F996E5E2F18020300B0946E /* Exceptions for "ApplicationNotificationsServiceExtension" folder in "ApplicationNotificationsServiceExtension" target */ = {
			isa = PBXFileSystemSynchronizedBuildFileExceptionSet;
			membershipExceptions = (
				Info.plist,
			);
			target = 8F996E522F18020300B0946E /* ApplicationNotificationsServiceExtension */;
		};
/* End PBXFileSystemSynchronizedBuildFileExceptionSet section */

/* Begin PBXFileSystemSynchronizedRootGroup section */
		8F996E542F18020300B0946E /* ApplicationNotificationsServiceExtension */ = {
			isa = PBXFileSystemSynchronizedRootGroup;
			exceptions = (
				8F996E5E2F18020300B0946E /* Exceptions for "ApplicationNotificationsServiceExtension" folder in "ApplicationNotificationsServiceExtension" target */,
			);
			path = ApplicationNotificationsServiceExtension;
			sourceTree = "<group>";
		};
		8FC43A0B2F0BDF49005983DC /* FishSpeciesLog */ = {
			isa = PBXFileSystemSynchronizedRootGroup;
			exceptions = (
				8F996E4C2F17FAF800B0946E /* Exceptions for "FishSpeciesLog" folder in "FishSpeciesLog" target */,
			);
			path = FishSpeciesLog;
			sourceTree = "<group>";
		};
/* End PBXFileSystemSynchronizedRootGroup section */

/* Begin PBXFrameworksBuildPhase section */
		8F996E502F18020300B0946E /* Frameworks */ = {
			isa = PBXFrameworksBuildPhase;
			buildActionMask = 2147483647;
			files = (
				8F996E622F18021900B0946E /* FirebaseMessaging in Frameworks */,
			);
			runOnlyForDeploymentPostprocessing = 0;
		};
		8FC43A062F0BDF49005983DC /* Frameworks */ = {
			isa = PBXFrameworksBuildPhase;
			buildActionMask = 2147483647;
			files = (
				8F996E0E2F17E67F00B0946E /* FirebaseMessaging in Frameworks */,
				8F996E112F17E69000B0946E /* AppsFlyerLib in Frameworks */,
				8F996E0C2F17E67F00B0946E /* FirebaseDatabase in Frameworks */,
				8F996E082F17E67F00B0946E /* FirebaseAnalytics in Frameworks */,
				8F996E0A2F17E67F00B0946E /* FirebaseAuth in Frameworks */,
			);
			runOnlyForDeploymentPostprocessing = 0;
		};
/* End PBXFrameworksBuildPhase section */

/* Begin PBXGroup section */
		8F996E602F18021900B0946E /* Frameworks */ = {
			isa = PBXGroup;
			children = (
			);
			name = Frameworks;
			sourceTree = "<group>";
		};
		8FC43A002F0BDF49005983DC = {
			isa = PBXGroup;
			children = (
				8FC43A0B2F0BDF49005983DC /* FishSpeciesLog */,
				8F996E542F18020300B0946E /* ApplicationNotificationsServiceExtension */,
				8F996E602F18021900B0946E /* Frameworks */,
				8FC43A0A2F0BDF49005983DC /* Products */,
			);
			sourceTree = "<group>";
		};
		8FC43A0A2F0BDF49005983DC /* Products */ = {
			isa = PBXGroup;
			children = (
				8FC43A092F0BDF49005983DC /* FishSpeciesLog.app */,
				8F996E532F18020300B0946E /* ApplicationNotificationsServiceExtension.appex */,
			);
			name = Products;
			sourceTree = "<group>";
		};
/* End PBXGroup section */

/* Begin PBXNativeTarget section */
		8F996E522F18020300B0946E /* ApplicationNotificationsServiceExtension */ = {
			isa = PBXNativeTarget;
			buildConfigurationList = 8F996E5B2F18020300B0946E /* Build configuration list for PBXNativeTarget "ApplicationNotificationsServiceExtension" */;
			buildPhases = (
				8F996E4F2F18020300B0946E /* Sources */,
				8F996E502F18020300B0946E /* Frameworks */,
				8F996E512F18020300B0946E /* Resources */,
			);
			buildRules = (
			);
			dependencies = (
			);
			fileSystemSynchronizedGroups = (
				8F996E542F18020300B0946E /* ApplicationNotificationsServiceExtension */,
			);
			name = ApplicationNotificationsServiceExtension;
			packageProductDependencies = (
				8F996E612F18021900B0946E /* FirebaseMessaging */,
			);
			productName = ApplicationNotificationsServiceExtension;
			productReference = 8F996E532F18020300B0946E /* ApplicationNotificationsServiceExtension.appex */;
			productType = "com.apple.product-type.app-extension";
		};
		8FC43A082F0BDF49005983DC /* FishSpeciesLog */ = {
			isa = PBXNativeTarget;
			buildConfigurationList = 8FC43A152F0BDF4B005983DC /* Build configuration list for PBXNativeTarget "FishSpeciesLog" */;
			buildPhases = (
				8FC43A052F0BDF49005983DC /* Sources */,
				8FC43A062F0BDF49005983DC /* Frameworks */,
				8FC43A072F0BDF49005983DC /* Resources */,
				8F996E5F2F18020300B0946E /* Embed Foundation Extensions */,
			);
			buildRules = (
			);
			dependencies = (
				8F996E592F18020300B0946E /* PBXTargetDependency */,
			);
			fileSystemSynchronizedGroups = (
				8FC43A0B2F0BDF49005983DC /* FishSpeciesLog */,
			);
			name = FishSpeciesLog;
			packageProductDependencies = (
				8F996E072F17E67F00B0946E /* FirebaseAnalytics */,
				8F996E092F17E67F00B0946E /* FirebaseAuth */,
				8F996E0B2F17E67F00B0946E /* FirebaseDatabase */,
				8F996E0D2F17E67F00B0946E /* FirebaseMessaging */,
				8F996E102F17E69000B0946E /* AppsFlyerLib */,
			);
			productName = FishSpeciesLog;
			productReference = 8FC43A092F0BDF49005983DC /* FishSpeciesLog.app */;
			productType = "com.apple.product-type.application";
		};
/* End PBXNativeTarget section */

/* Begin PBXProject section */
		8FC43A012F0BDF49005983DC /* Project object */ = {
			isa = PBXProject;
			attributes = {
				BuildIndependentTargetsInParallel = 1;
				LastSwiftUpdateCheck = 1640;
				LastUpgradeCheck = 1640;
				TargetAttributes = {
					8F996E522F18020300B0946E = {
						CreatedOnToolsVersion = 16.4;
					};
					8FC43A082F0BDF49005983DC = {
						CreatedOnToolsVersion = 16.4;
					};
				};
			};
			buildConfigurationList = 8FC43A042F0BDF49005983DC /* Build configuration list for PBXProject "FishSpeciesLog" */;
			developmentRegion = en;
			hasScannedForEncodings = 0;
			knownRegions = (
				en,
				Base,
			);
			mainGroup = 8FC43A002F0BDF49005983DC;
			minimizedProjectReferenceProxies = 1;
			packageReferences = (
				8F996E062F17E67F00B0946E /* XCRemoteSwiftPackageReference "firebase-ios-sdk" */,
				8F996E0F2F17E69000B0946E /* XCRemoteSwiftPackageReference "AppsFlyerFramework" */,
			);
			preferredProjectObjectVersion = 77;
			productRefGroup = 8FC43A0A2F0BDF49005983DC /* Products */;
			projectDirPath = "";
			projectRoot = "";
			targets = (
				8FC43A082F0BDF49005983DC /* FishSpeciesLog */,
				8F996E522F18020300B0946E /* ApplicationNotificationsServiceExtension */,
			);
		};
/* End PBXProject section */

/* Begin PBXResourcesBuildPhase section */
		8F996E512F18020300B0946E /* Resources */ = {
			isa = PBXResourcesBuildPhase;
			buildActionMask = 2147483647;
			files = (
			);
			runOnlyForDeploymentPostprocessing = 0;
		};
		8FC43A072F0BDF49005983DC /* Resources */ = {
			isa = PBXResourcesBuildPhase;
			buildActionMask = 2147483647;
			files = (
			);
			runOnlyForDeploymentPostprocessing = 0;
		};
/* End PBXResourcesBuildPhase section */

/* Begin PBXSourcesBuildPhase section */
		8F996E4F2F18020300B0946E /* Sources */ = {
			isa = PBXSourcesBuildPhase;
			buildActionMask = 2147483647;
			files = (
			);
			runOnlyForDeploymentPostprocessing = 0;
		};
		8FC43A052F0BDF49005983DC /* Sources */ = {
			isa = PBXSourcesBuildPhase;
			buildActionMask = 2147483647;
			files = (
			);
			runOnlyForDeploymentPostprocessing = 0;
		};
/* End PBXSourcesBuildPhase section */

/* Begin PBXTargetDependency section */
		8F996E592F18020300B0946E /* PBXTargetDependency */ = {
			isa = PBXTargetDependency;
			target = 8F996E522F18020300B0946E /* ApplicationNotificationsServiceExtension */;
			targetProxy = 8F996E582F18020300B0946E /* PBXContainerItemProxy */;
		};
/* End PBXTargetDependency section */

/* Begin XCBuildConfiguration section */
		8F996E5C2F18020300B0946E /* Debug */ = {
			isa = XCBuildConfiguration;
			buildSettings = {
				CODE_SIGN_STYLE = Automatic;
				CURRENT_PROJECT_VERSION = 1;
				GENERATE_INFOPLIST_FILE = YES;
				INFOPLIST_FILE = ApplicationNotificationsServiceExtension/Info.plist;
				INFOPLIST_KEY_CFBundleDisplayName = ApplicationNotificationsServiceExtension;
				INFOPLIST_KEY_NSHumanReadableCopyright = "";
				IPHONEOS_DEPLOYMENT_TARGET = 15.0;
				LD_RUNPATH_SEARCH_PATHS = (
					"$(inherited)",
					"@executable_path/Frameworks",
					"@executable_path/../../Frameworks",
				);
				MARKETING_VERSION = 1.0;
				PRODUCT_BUNDLE_IDENTIFIER = com.specilogfis.FishSpeciesLog.ApplicationNotificationsServiceExtension;
				PRODUCT_NAME = "$(TARGET_NAME)";
				SDKROOT = iphoneos;
				SKIP_INSTALL = YES;
				SUPPORTED_PLATFORMS = "iphoneos iphonesimulator";
				SUPPORTS_MACCATALYST = NO;
				SUPPORTS_MAC_DESIGNED_FOR_IPHONE_IPAD = NO;
				SUPPORTS_XR_DESIGNED_FOR_IPHONE_IPAD = NO;
				SWIFT_EMIT_LOC_STRINGS = YES;
				SWIFT_VERSION = 5.0;
				TARGETED_DEVICE_FAMILY = 1;
			};
			name = Debug;
		};
		8F996E5D2F18020300B0946E /* Release */ = {
			isa = XCBuildConfiguration;
			buildSettings = {
				CODE_SIGN_STYLE = Automatic;
				CURRENT_PROJECT_VERSION = 1;
				GENERATE_INFOPLIST_FILE = YES;
				INFOPLIST_FILE = ApplicationNotificationsServiceExtension/Info.plist;
				INFOPLIST_KEY_CFBundleDisplayName = ApplicationNotificationsServiceExtension;
				INFOPLIST_KEY_NSHumanReadableCopyright = "";
				IPHONEOS_DEPLOYMENT_TARGET = 15.0;
				LD_RUNPATH_SEARCH_PATHS = (
					"$(inherited)",
					"@executable_path/Frameworks",
					"@executable_path/../../Frameworks",
				);
				MARKETING_VERSION = 1.0;
				PRODUCT_BUNDLE_IDENTIFIER = com.specilogfis.FishSpeciesLog.ApplicationNotificationsServiceExtension;
				PRODUCT_NAME = "$(TARGET_NAME)";
				SDKROOT = iphoneos;
				SKIP_INSTALL = YES;
				SUPPORTED_PLATFORMS = "iphoneos iphonesimulator";
				SUPPORTS_MACCATALYST = NO;
				SUPPORTS_MAC_DESIGNED_FOR_IPHONE_IPAD = NO;
				SUPPORTS_XR_DESIGNED_FOR_IPHONE_IPAD = NO;
				SWIFT_EMIT_LOC_STRINGS = YES;
				SWIFT_VERSION = 5.0;
				TARGETED_DEVICE_FAMILY = 1;
				VALIDATE_PRODUCT = YES;
			};
			name = Release;
		};
		8FC43A132F0BDF4B005983DC /* Debug */ = {
			isa = XCBuildConfiguration;
			buildSettings = {
				ALWAYS_SEARCH_USER_PATHS = NO;
				ASSETCATALOG_COMPILER_GENERATE_SWIFT_ASSET_SYMBOL_EXTENSIONS = YES;
				CLANG_ANALYZER_NONNULL = YES;
				CLANG_ANALYZER_NUMBER_OBJECT_CONVERSION = YES_AGGRESSIVE;
				CLANG_CXX_LANGUAGE_STANDARD = "gnu++20";
				CLANG_ENABLE_MODULES = YES;
				CLANG_ENABLE_OBJC_ARC = YES;
				CLANG_ENABLE_OBJC_WEAK = YES;
				CLANG_WARN_BLOCK_CAPTURE_AUTORELEASING = YES;
				CLANG_WARN_BOOL_CONVERSION = YES;
				CLANG_WARN_COMMA = YES;
				CLANG_WARN_CONSTANT_CONVERSION = YES;
				CLANG_WARN_DEPRECATED_OBJC_IMPLEMENTATIONS = YES;
				CLANG_WARN_DIRECT_OBJC_ISA_USAGE = YES_ERROR;
				CLANG_WARN_DOCUMENTATION_COMMENTS = YES;
				CLANG_WARN_EMPTY_BODY = YES;
				CLANG_WARN_ENUM_CONVERSION = YES;
				CLANG_WARN_INFINITE_RECURSION = YES;
				CLANG_WARN_INT_CONVERSION = YES;
				CLANG_WARN_NON_LITERAL_NULL_CONVERSION = YES;
				CLANG_WARN_OBJC_IMPLICIT_RETAIN_SELF = YES;
				CLANG_WARN_OBJC_LITERAL_CONVERSION = YES;
				CLANG_WARN_OBJC_ROOT_CLASS = YES_ERROR;
				CLANG_WARN_QUOTED_INCLUDE_IN_FRAMEWORK_HEADER = YES;
				CLANG_WARN_RANGE_LOOP_ANALYSIS = YES;
				CLANG_WARN_STRICT_PROTOTYPES = YES;
				CLANG_WARN_SUSPICIOUS_MOVE = YES;
				CLANG_WARN_UNGUARDED_AVAILABILITY = YES_AGGRESSIVE;
				CLANG_WARN_UNREACHABLE_CODE = YES;
				CLANG_WARN__DUPLICATE_METHOD_MATCH = YES;
				COPY_PHASE_STRIP = NO;
				DEBUG_INFORMATION_FORMAT = dwarf;
				ENABLE_STRICT_OBJC_MSGSEND = YES;
				ENABLE_TESTABILITY = YES;
				ENABLE_USER_SCRIPT_SANDBOXING = YES;
				GCC_C_LANGUAGE_STANDARD = gnu17;
				GCC_DYNAMIC_NO_PIC = NO;
				GCC_NO_COMMON_BLOCKS = YES;
				GCC_OPTIMIZATION_LEVEL = 0;
				GCC_PREPROCESSOR_DEFINITIONS = (
					"DEBUG=1",
					"$(inherited)",
				);
				GCC_WARN_64_TO_32_BIT_CONVERSION = YES;
				GCC_WARN_ABOUT_RETURN_TYPE = YES_ERROR;
				GCC_WARN_UNDECLARED_SELECTOR = YES;
				GCC_WARN_UNINITIALIZED_AUTOS = YES_AGGRESSIVE;
				GCC_WARN_UNUSED_FUNCTION = YES;
				GCC_WARN_UNUSED_VARIABLE = YES;
				LOCALIZATION_PREFERS_STRING_CATALOGS = YES;
				MTL_ENABLE_DEBUG_INFO = INCLUDE_SOURCE;
				MTL_FAST_MATH = YES;
				ONLY_ACTIVE_ARCH = YES;
				SWIFT_ACTIVE_COMPILATION_CONDITIONS = "DEBUG $(inherited)";
				SWIFT_OPTIMIZATION_LEVEL = "-Onone";
			};
			name = Debug;
		};
		8FC43A142F0BDF4B005983DC /* Release */ = {
			isa = XCBuildConfiguration;
			buildSettings = {
				ALWAYS_SEARCH_USER_PATHS = NO;
				ASSETCATALOG_COMPILER_GENERATE_SWIFT_ASSET_SYMBOL_EXTENSIONS = YES;
				CLANG_ANALYZER_NONNULL = YES;
				CLANG_ANALYZER_NUMBER_OBJECT_CONVERSION = YES_AGGRESSIVE;
				CLANG_CXX_LANGUAGE_STANDARD = "gnu++20";
				CLANG_ENABLE_MODULES = YES;
				CLANG_ENABLE_OBJC_ARC = YES;
				CLANG_ENABLE_OBJC_WEAK = YES;
				CLANG_WARN_BLOCK_CAPTURE_AUTORELEASING = YES;
				CLANG_WARN_BOOL_CONVERSION = YES;
				CLANG_WARN_COMMA = YES;
				CLANG_WARN_CONSTANT_CONVERSION = YES;
				CLANG_WARN_DEPRECATED_OBJC_IMPLEMENTATIONS = YES;
				CLANG_WARN_DIRECT_OBJC_ISA_USAGE = YES_ERROR;
				CLANG_WARN_DOCUMENTATION_COMMENTS = YES;
				CLANG_WARN_EMPTY_BODY = YES;
				CLANG_WARN_ENUM_CONVERSION = YES;
				CLANG_WARN_INFINITE_RECURSION = YES;
				CLANG_WARN_INT_CONVERSION = YES;
				CLANG_WARN_NON_LITERAL_NULL_CONVERSION = YES;
				CLANG_WARN_OBJC_IMPLICIT_RETAIN_SELF = YES;
				CLANG_WARN_OBJC_LITERAL_CONVERSION = YES;
				CLANG_WARN_OBJC_ROOT_CLASS = YES_ERROR;
				CLANG_WARN_QUOTED_INCLUDE_IN_FRAMEWORK_HEADER = YES;
				CLANG_WARN_RANGE_LOOP_ANALYSIS = YES;
				CLANG_WARN_STRICT_PROTOTYPES = YES;
				CLANG_WARN_SUSPICIOUS_MOVE = YES;
				CLANG_WARN_UNGUARDED_AVAILABILITY = YES_AGGRESSIVE;
				CLANG_WARN_UNREACHABLE_CODE = YES;
				CLANG_WARN__DUPLICATE_METHOD_MATCH = YES;
				COPY_PHASE_STRIP = NO;
				DEBUG_INFORMATION_FORMAT = "dwarf-with-dsym";
				ENABLE_NS_ASSERTIONS = NO;
				ENABLE_STRICT_OBJC_MSGSEND = YES;
				ENABLE_USER_SCRIPT_SANDBOXING = YES;
				GCC_C_LANGUAGE_STANDARD = gnu17;
				GCC_NO_COMMON_BLOCKS = YES;
				GCC_WARN_64_TO_32_BIT_CONVERSION = YES;
				GCC_WARN_ABOUT_RETURN_TYPE = YES_ERROR;
				GCC_WARN_UNDECLARED_SELECTOR = YES;
				GCC_WARN_UNINITIALIZED_AUTOS = YES_AGGRESSIVE;
				GCC_WARN_UNUSED_FUNCTION = YES;
				GCC_WARN_UNUSED_VARIABLE = YES;
				LOCALIZATION_PREFERS_STRING_CATALOGS = YES;
				MTL_ENABLE_DEBUG_INFO = NO;
				MTL_FAST_MATH = YES;
				SWIFT_COMPILATION_MODE = wholemodule;
			};
			name = Release;
		};
		8FC43A162F0BDF4B005983DC /* Debug */ = {
			isa = XCBuildConfiguration;
			buildSettings = {
				ASSETCATALOG_COMPILER_APPICON_NAME = AppIcon;
				ASSETCATALOG_COMPILER_GLOBAL_ACCENT_COLOR_NAME = AccentColor;
				CODE_SIGN_ENTITLEMENTS = FishSpeciesLog/FishSpeciesLog.entitlements;
				CODE_SIGN_STYLE = Automatic;
				CURRENT_PROJECT_VERSION = 1;
				ENABLE_PREVIEWS = YES;
				GENERATE_INFOPLIST_FILE = YES;
				INFOPLIST_FILE = FishSpeciesLog/Info.plist;
				INFOPLIST_KEY_CFBundleDisplayName = "Fish Species Log";
				INFOPLIST_KEY_LSApplicationCategoryType = "public.app-category.travel";
				INFOPLIST_KEY_NSCameraUsageDescription = "Allow to use it in application";
				INFOPLIST_KEY_NSUserTrackingUsageDescription = "Fish Species Log may collect limited device-related information to support app functionality and understand how features are used. This data helps us improve reliability and refine the user experience. The information is not used to track activity across other apps or websites and is not shared for third-party advertising.";
				"INFOPLIST_KEY_UIApplicationSceneManifest_Generation[sdk=iphoneos*]" = YES;
				"INFOPLIST_KEY_UIApplicationSceneManifest_Generation[sdk=iphonesimulator*]" = YES;
				"INFOPLIST_KEY_UIApplicationSupportsIndirectInputEvents[sdk=iphoneos*]" = YES;
				"INFOPLIST_KEY_UIApplicationSupportsIndirectInputEvents[sdk=iphonesimulator*]" = YES;
				"INFOPLIST_KEY_UILaunchScreen_Generation[sdk=iphoneos*]" = YES;
				"INFOPLIST_KEY_UILaunchScreen_Generation[sdk=iphonesimulator*]" = YES;
				"INFOPLIST_KEY_UIStatusBarStyle[sdk=iphoneos*]" = UIStatusBarStyleDefault;
				"INFOPLIST_KEY_UIStatusBarStyle[sdk=iphonesimulator*]" = UIStatusBarStyleDefault;
				INFOPLIST_KEY_UISupportedInterfaceOrientations_iPad = "UIInterfaceOrientationPortrait UIInterfaceOrientationPortraitUpsideDown UIInterfaceOrientationLandscapeLeft UIInterfaceOrientationLandscapeRight";
				INFOPLIST_KEY_UISupportedInterfaceOrientations_iPhone = "UIInterfaceOrientationPortrait UIInterfaceOrientationLandscapeLeft UIInterfaceOrientationLandscapeRight";
				IPHONEOS_DEPLOYMENT_TARGET = 15.0;
				LD_RUNPATH_SEARCH_PATHS = "@executable_path/Frameworks";
				"LD_RUNPATH_SEARCH_PATHS[sdk=macosx*]" = "@executable_path/../Frameworks";
				MACOSX_DEPLOYMENT_TARGET = 15.3;
				MARKETING_VERSION = 1.1.0;
				PRODUCT_BUNDLE_IDENTIFIER = com.specilogfis.FishSpeciesLog;
				PRODUCT_NAME = "$(TARGET_NAME)";
				REGISTER_APP_GROUPS = YES;
				SDKROOT = auto;
				SUPPORTED_PLATFORMS = "iphoneos iphonesimulator";
				SUPPORTS_MACCATALYST = NO;
				SWIFT_EMIT_LOC_STRINGS = YES;
				SWIFT_VERSION = 5.0;
				TARGETED_DEVICE_FAMILY = 1;
				XROS_DEPLOYMENT_TARGET = 2.5;
			};
			name = Debug;
		};
		8FC43A172F0BDF4B005983DC /* Release */ = {
			isa = XCBuildConfiguration;
			buildSettings = {
				ASSETCATALOG_COMPILER_APPICON_NAME = AppIcon;
				ASSETCATALOG_COMPILER_GLOBAL_ACCENT_COLOR_NAME = AccentColor;
				CODE_SIGN_ENTITLEMENTS = FishSpeciesLog/FishSpeciesLog.entitlements;
				CODE_SIGN_STYLE = Automatic;
				CURRENT_PROJECT_VERSION = 1;
				ENABLE_PREVIEWS = YES;
				GENERATE_INFOPLIST_FILE = YES;
				INFOPLIST_FILE = FishSpeciesLog/Info.plist;
				INFOPLIST_KEY_CFBundleDisplayName = "Fish Species Log";
				INFOPLIST_KEY_LSApplicationCategoryType = "public.app-category.travel";
				INFOPLIST_KEY_NSCameraUsageDescription = "Allow to use it in application";
				INFOPLIST_KEY_NSUserTrackingUsageDescription = "Fish Species Log may collect limited device-related information to support app functionality and understand how features are used. This data helps us improve reliability and refine the user experience. The information is not used to track activity across other apps or websites and is not shared for third-party advertising.";
				"INFOPLIST_KEY_UIApplicationSceneManifest_Generation[sdk=iphoneos*]" = YES;
				"INFOPLIST_KEY_UIApplicationSceneManifest_Generation[sdk=iphonesimulator*]" = YES;
				"INFOPLIST_KEY_UIApplicationSupportsIndirectInputEvents[sdk=iphoneos*]" = YES;
				"INFOPLIST_KEY_UIApplicationSupportsIndirectInputEvents[sdk=iphonesimulator*]" = YES;
				"INFOPLIST_KEY_UILaunchScreen_Generation[sdk=iphoneos*]" = YES;
				"INFOPLIST_KEY_UILaunchScreen_Generation[sdk=iphonesimulator*]" = YES;
				"INFOPLIST_KEY_UIStatusBarStyle[sdk=iphoneos*]" = UIStatusBarStyleDefault;
				"INFOPLIST_KEY_UIStatusBarStyle[sdk=iphonesimulator*]" = UIStatusBarStyleDefault;
				INFOPLIST_KEY_UISupportedInterfaceOrientations_iPad = "UIInterfaceOrientationPortrait UIInterfaceOrientationPortraitUpsideDown UIInterfaceOrientationLandscapeLeft UIInterfaceOrientationLandscapeRight";
				INFOPLIST_KEY_UISupportedInterfaceOrientations_iPhone = "UIInterfaceOrientationPortrait UIInterfaceOrientationLandscapeLeft UIInterfaceOrientationLandscapeRight";
				IPHONEOS_DEPLOYMENT_TARGET = 15.0;
				LD_RUNPATH_SEARCH_PATHS = "@executable_path/Frameworks";
				"LD_RUNPATH_SEARCH_PATHS[sdk=macosx*]" = "@executable_path/../Frameworks";
				MACOSX_DEPLOYMENT_TARGET = 15.3;
				MARKETING_VERSION = 1.1.0;
				PRODUCT_BUNDLE_IDENTIFIER = com.specilogfis.FishSpeciesLog;
				PRODUCT_NAME = "$(TARGET_NAME)";
				REGISTER_APP_GROUPS = YES;
				SDKROOT = auto;
				SUPPORTED_PLATFORMS = "iphoneos iphonesimulator";
				SUPPORTS_MACCATALYST = NO;
				SWIFT_EMIT_LOC_STRINGS = YES;
				SWIFT_VERSION = 5.0;
				TARGETED_DEVICE_FAMILY = 1;
				XROS_DEPLOYMENT_TARGET = 2.5;
			};
			name = Release;
		};
/* End XCBuildConfiguration section */

/* Begin XCConfigurationList section */
		8F996E5B2F18020300B0946E /* Build configuration list for PBXNativeTarget "ApplicationNotificationsServiceExtension" */ = {
			isa = XCConfigurationList;
			buildConfigurations = (
				8F996E5C2F18020300B0946E /* Debug */,
				8F996E5D2F18020300B0946E /* Release */,
			);
			defaultConfigurationIsVisible = 0;
			defaultConfigurationName = Release;
		};
		8FC43A042F0BDF49005983DC /* Build configuration list for PBXProject "FishSpeciesLog" */ = {
			isa = XCConfigurationList;
			buildConfigurations = (
				8FC43A132F0BDF4B005983DC /* Debug */,
				8FC43A142F0BDF4B005983DC /* Release */,
			);
			defaultConfigurationIsVisible = 0;
			defaultConfigurationName = Release;
		};
		8FC43A152F0BDF4B005983DC /* Build configuration list for PBXNativeTarget "FishSpeciesLog" */ = {
			isa = XCConfigurationList;
			buildConfigurations = (
				8FC43A162F0BDF4B005983DC /* Debug */,
				8FC43A172F0BDF4B005983DC /* Release */,
			);
			defaultConfigurationIsVisible = 0;
			defaultConfigurationName = Release;
		};
/* End XCConfigurationList section */

/* Begin XCRemoteSwiftPackageReference section */
		8F996E062F17E67F00B0946E /* XCRemoteSwiftPackageReference "firebase-ios-sdk" */ = {
			isa = XCRemoteSwiftPackageReference;
			repositoryURL = "https://github.com/firebase/firebase-ios-sdk";
			requirement = {
				kind = upToNextMajorVersion;
				minimumVersion = 12.8.0;
			};
		};
		8F996E0F2F17E69000B0946E /* XCRemoteSwiftPackageReference "AppsFlyerFramework" */ = {
			isa = XCRemoteSwiftPackageReference;
			repositoryURL = "https://github.com/AppsFlyerSDK/AppsFlyerFramework";
			requirement = {
				kind = upToNextMajorVersion;
				minimumVersion = 6.17.8;
			};
		};
/* End XCRemoteSwiftPackageReference section */

/* Begin XCSwiftPackageProductDependency section */
		8F996E072F17E67F00B0946E /* FirebaseAnalytics */ = {
			isa = XCSwiftPackageProductDependency;
			package = 8F996E062F17E67F00B0946E /* XCRemoteSwiftPackageReference "firebase-ios-sdk" */;
			productName = FirebaseAnalytics;
		};
		8F996E092F17E67F00B0946E /* FirebaseAuth */ = {
			isa = XCSwiftPackageProductDependency;
			package = 8F996E062F17E67F00B0946E /* XCRemoteSwiftPackageReference "firebase-ios-sdk" */;
			productName = FirebaseAuth;
		};
		8F996E0B2F17E67F00B0946E /* FirebaseDatabase */ = {
			isa = XCSwiftPackageProductDependency;
			package = 8F996E062F17E67F00B0946E /* XCRemoteSwiftPackageReference "firebase-ios-sdk" */;
			productName = FirebaseDatabase;
		};
		8F996E0D2F17E67F00B0946E /* FirebaseMessaging */ = {
			isa = XCSwiftPackageProductDependency;
			package = 8F996E062F17E67F00B0946E /* XCRemoteSwiftPackageReference "firebase-ios-sdk" */;
			productName = FirebaseMessaging;
		};
		8F996E102F17E69000B0946E /* AppsFlyerLib */ = {
			isa = XCSwiftPackageProductDependency;
			package = 8F996E0F2F17E69000B0946E /* XCRemoteSwiftPackageReference "AppsFlyerFramework" */;
			productName = AppsFlyerLib;
		};
		8F996E612F18021900B0946E /* FirebaseMessaging */ = {
			isa = XCSwiftPackageProductDependency;
			package = 8F996E062F17E67F00B0946E /* XCRemoteSwiftPackageReference "firebase-ios-sdk" */;
			productName = FirebaseMessaging;
		};
/* End XCSwiftPackageProductDependency section */
	};
	rootObject = 8FC43A012F0BDF49005983DC /* Project object */;
}
